
Microsoft Visual Studio Solution File, Format Version 12.00
# Visual Studio Version 17
VisualStudioVersion = 17.1.32421.90
MinimumVisualStudioVersion = 10.0.40219.1
Project("{9A19103F-16F7-4668-BE54-9A1E7A4F7556}") = "API", "API\API.csproj", "{A8B27934-ECB2-43A0-95B8-83BD27F0EC3A}"
EndProject
Global
	GlobalSection(SolutionConfigurationPlatforms) = preSolution
		Debug|Any CPU = Debug|Any CPU
		Release|Any CPU = Release|Any CPU
	EndGlobalSection
	GlobalSection(ProjectConfigurationPlatforms) = postSolution
		{A8B27934-ECB2-43A0-95B8-83BD27F0EC3A}.Debug|Any CPU.ActiveCfg = Debug|Any CPU
		{A8B27934-ECB2-43A0-95B8-83BD27F0EC3A}.Debug|Any CPU.Build.0 = Debug|Any CPU
		{A8B27934-ECB2-43A0-95B8-83BD27F0EC3A}.Release|Any CPU.ActiveCfg = Release|Any CPU
		{A8B27934-ECB2-43A0-95B8-83BD27F0EC3A}.Release|Any CPU.Build.0 = Release|Any CPU
	EndGlobalSection
	GlobalSection(SolutionProperties) = preSolution
		HideSolutionNode = FALSE
	EndGlobalSection
	GlobalSection(ExtensibilityGlobals) = postSolution
		SolutionGuid = {3833E49E-E0DB-42F4-90E6-81A5C84D1B30}
	EndGlobalSection
EndGlobal
